
Microsoft Visual Studio Solution File, Format Version 12.00
# Visual Studio Version 17
VisualStudioVersion = 17.14.36221.1
MinimumVisualStudioVersion = 10.0.40219.1
Project("{FAE04EC0-301F-11D3-BF4B-00C04F79EFBC}") = "GCDAlgorithms", "GCDAlgorithms\GCDAlgorithms.csproj", "{D851D28F-B42F-4039-9203-AC6C6FE247A5}"
EndProject
Project("{FAE04EC0-301F-11D3-BF4B-00C04F79EFBC}") = "GCDTestProject", "GCDTestProject\GCDTestProject.csproj", "{5B6BAA45-81BA-4CAA-A393-5A12EC464C4E}"
EndProject
Global
	GlobalSection(SolutionConfigurationPlatforms) = preSolution
		Debug|Any CPU = Debug|Any CPU
		Release|Any CPU = Release|Any CPU
	EndGlobalSection
	GlobalSection(ProjectConfigurationPlatforms) = postSolution
		{D851D28F-B42F-4039-9203-AC6C6FE247A5}.Debug|Any CPU.ActiveCfg = Debug|Any CPU
		{D851D28F-B42F-4039-9203-AC6C6FE247A5}.Debug|Any CPU.Build.0 = Debug|Any CPU
		{D851D28F-B42F-4039-9203-AC6C6FE247A5}.Release|Any CPU.ActiveCfg = Release|Any CPU
		{D851D28F-B42F-4039-9203-AC6C6FE247A5}.Release|Any CPU.Build.0 = Release|Any CPU
		{5B6BAA45-81BA-4CAA-A393-5A12EC464C4E}.Debug|Any CPU.ActiveCfg = Debug|Any CPU
		{5B6BAA45-81BA-4CAA-A393-5A12EC464C4E}.Debug|Any CPU.Build.0 = Debug|Any CPU
		{5B6BAA45-81BA-4CAA-A393-5A12EC464C4E}.Release|Any CPU.ActiveCfg = Release|Any CPU
		{5B6BAA45-81BA-4CAA-A393-5A12EC464C4E}.Release|Any CPU.Build.0 = Release|Any CPU
	EndGlobalSection
	GlobalSection(SolutionProperties) = preSolution
		HideSolutionNode = FALSE
	EndGlobalSection
	GlobalSection(ExtensibilityGlobals) = postSolution
		SolutionGuid = {FF62DFFA-E8DA-4CD2-B46A-C906D3255B6A}
	EndGlobalSection
EndGlobal
