
Microsoft Visual Studio Solution File, Format Version 12.00
# Visual Studio Version 17
VisualStudioVersion = 17.14.36221.1 d17.14
MinimumVisualStudioVersion = 10.0.40219.1
Project("{FAE04EC0-301F-11D3-BF4B-00C04F79EFBC}") = "Converting decimal numbers", "Converting decimal numbers\Converting decimal numbers.csproj", "{87916AF0-D97F-4CDF-87CD-BA8AEAA9B00C}"
EndProject
Global
	GlobalSection(SolutionConfigurationPlatforms) = preSolution
		Debug|Any CPU = Debug|Any CPU
		Release|Any CPU = Release|Any CPU
	EndGlobalSection
	GlobalSection(ProjectConfigurationPlatforms) = postSolution
		{87916AF0-D97F-4CDF-87CD-BA8AEAA9B00C}.Debug|Any CPU.ActiveCfg = Debug|Any CPU
		{87916AF0-D97F-4CDF-87CD-BA8AEAA9B00C}.Debug|Any CPU.Build.0 = Debug|Any CPU
		{87916AF0-D97F-4CDF-87CD-BA8AEAA9B00C}.Release|Any CPU.ActiveCfg = Release|Any CPU
		{87916AF0-D97F-4CDF-87CD-BA8AEAA9B00C}.Release|Any CPU.Build.0 = Release|Any CPU
	EndGlobalSection
	GlobalSection(SolutionProperties) = preSolution
		HideSolutionNode = FALSE
	EndGlobalSection
	GlobalSection(ExtensibilityGlobals) = postSolution
		SolutionGuid = {5E8A6DA9-E5AE-4B6F-A977-3FB7DB10F64C}
	EndGlobalSection
EndGlobal
